<?xml version="1.0" encoding="UTF-8" standalone="yes" ?>
<CodeBlocks_project_file>
	<FileVersion major="1" minor="6" />
	<Project>
		<Option title="ProjetGuerre" />
		<Option pch_mode="2" />
		<Option compiler="gcc" />
		<Build>
			<Target title="Debug">
				<Option output="bin/Debug/ProjetGuerre" prefix_auto="1" extension_auto="1" />
				<Option object_output="obj/Debug/" />
				<Option type="1" />
				<Option compiler="gcc" />
				<Compiler>
					<Add option="-g" />
					<Add directory="src/Terrain" />
					<Add directory="include" />
				</Compiler>
			</Target>
			<Target title="Release">
				<Option output="bin/Release/ProjetGuerre" prefix_auto="1" extension_auto="1" />
				<Option object_output="obj/Release/" />
				<Option type="1" />
				<Option compiler="gcc" />
				<Compiler>
					<Add option="-O2" />
					<Add directory="src/Terrain" />
					<Add directory="include" />
				</Compiler>
				<Linker>
					<Add option="-s" />
				</Linker>
			</Target>
		</Build>
		<Compiler>
			<Add option="-Wall" />
			<Add option="-std=c++1z" />
			<Add option="-fexceptions" />
			<Add directory="SDL2-2.0.9/i686-w64-mingw32/include" />
			<Add directory="SFML-2.5.1/include" />
		</Compiler>
		<Linker>
			<Add option="-lmingw32" />
			<Add option="-lSDL2main" />
			<Add option="-lSDL2" />
			<Add library="SDL2-2.0.9/i686-w64-mingw32/lib/libSDL2.a" />
			<Add library="SDL2-2.0.9/i686-w64-mingw32/lib/libSDL2.dll.a" />
			<Add library="sfml-graphics" />
			<Add library="sfml-window" />
			<Add library="sfml-system" />
			<Add library="sfml-audio" />
			<Add directory="SDL2-2.0.9/i686-w64-mingw32/lib" />
			<Add directory="SFML-2.5.1/lib" />
		</Linker>
		<Unit filename="include/Archer.h" />
		<Unit filename="include/Base.h" />
		<Unit filename="include/Batiment.h" />
		<Unit filename="include/Case.h" />
		<Unit filename="include/Catapulte.h" />
		<Unit filename="include/CorpsACorps.h" />
		<Unit filename="include/Distance.h" />
		<Unit filename="include/Epoque.h">
			<Option weight="100" />
		</Unit>
		<Unit filename="include/Fantassin.h" />
		<Unit filename="include/IA.h" />
		<Unit filename="include/Joueur.h" />
		<Unit filename="include/Musique.h" />
		<Unit filename="include/Prehistoire.h" />
		<Unit filename="include/Soldat.h" />
		<Unit filename="include/SuperSoldat.h" />
		<Unit filename="include/Terrain.h" />
		<Unit filename="include/Unite.h" />
		<Unit filename="main.cpp" />
		<Unit filename="src/Joueur/Epoque/Epoque.cpp" />
		<Unit filename="src/Joueur/Epoque/Prehistoire.cpp" />
		<Unit filename="src/Joueur/IA.cpp" />
		<Unit filename="src/Joueur/Joueur.cpp" />
		<Unit filename="src/Joueur/Unite/Archer.cpp" />
		<Unit filename="src/Joueur/Unite/Base.cpp" />
		<Unit filename="src/Joueur/Unite/Batiment.cpp" />
		<Unit filename="src/Joueur/Unite/Catapulte.cpp" />
		<Unit filename="src/Joueur/Unite/CorpsACorps.cpp" />
		<Unit filename="src/Joueur/Unite/Distance.cpp" />
		<Unit filename="src/Joueur/Unite/Fantassin.cpp" />
		<Unit filename="src/Joueur/Unite/Soldat.cpp" />
		<Unit filename="src/Joueur/Unite/SuperSoldat.cpp" />
		<Unit filename="src/Joueur/Unite/Unite.cpp" />
		<Unit filename="src/Musique.cpp" />
		<Unit filename="src/Terrain/Case.cpp" />
		<Unit filename="src/Terrain/Terrain.cpp" />
		<Extensions>
			<code_completion />
			<envvars />
			<debugger />
			<lib_finder disable_auto="1" />
		</Extensions>
	</Project>
</CodeBlocks_project_file>
